// !$*UTF8*$!
{
	archiveVersion = 1;
	classes = {
	};
	objectVersion = 50;
	objects = {

/* Begin PBXBuildFile section */
		F4A28E8E20FD551B00C9368C /* AppDelegate.swift in Sources */ = {isa = PBXBuildFile; fileRef = F4A28E8D20FD551B00C9368C /* AppDelegate.swift */; };
		F4A28E9020FD551B00C9368C /* ViewController.swift in Sources */ = {isa = PBXBuildFile; fileRef = F4A28E8F20FD551B00C9368C /* ViewController.swift */; };
		F4A28E9320FD551B00C9368C /* Main.storyboard in Resources */ = {isa = PBXBuildFile; fileRef = F4A28E9120FD551B00C9368C /* Main.storyboard */; };
		F4A28E9520FD551C00C9368C /* Assets.xcassets in Resources */ = {isa = PBXBuildFile; fileRef = F4A28E9420FD551C00C9368C /* Assets.xcassets */; };
		F4A28E9820FD551C00C9368C /* LaunchScreen.storyboard in Resources */ = {isa = PBXBuildFile; fileRef = F4A28E9620FD551C00C9368C /* LaunchScreen.storyboard */; };
		F4A28EA020FD556E00C9368C /* CountryTableViewCell.swift in Sources */ = {isa = PBXBuildFile; fileRef = F4A28E9F20FD556E00C9368C /* CountryTableViewCell.swift */; };
		F4A28EA220FD55ED00C9368C /* DetailsTableViewController.swift in Sources */ = {isa = PBXBuildFile; fileRef = F4A28EA120FD55ED00C9368C /* DetailsTableViewController.swift */; };
		F4A28EA420FD561700C9368C /* Country.swift in Sources */ = {isa = PBXBuildFile; fileRef = F4A28EA320FD561700C9368C /* Country.swift */; };
		F4A28EA620FD620D00C9368C /* WebServerApiHandler.swift in Sources */ = {isa = PBXBuildFile; fileRef = F4A28EA520FD620D00C9368C /* WebServerApiHandler.swift */; };
		F4A28EA820FD996100C9368C /* SecondTableViewCell.swift in Sources */ = {isa = PBXBuildFile; fileRef = F4A28EA720FD996100C9368C /* SecondTableViewCell.swift */; };
		F4E19D552106C50F00D23BEB /* CountryViewModel.swift in Sources */ = {isa = PBXBuildFile; fileRef = F4E19D542106C50F00D23BEB /* CountryViewModel.swift */; };
/* End PBXBuildFile section */

/* Begin PBXFileReference section */
		F4A28E8A20FD551B00C9368C /* countryInfo.app */ = {isa = PBXFileReference; explicitFileType = wrapper.application; includeInIndex = 0; path = countryInfo.app; sourceTree = BUILT_PRODUCTS_DIR; };
		F4A28E8D20FD551B00C9368C /* AppDelegate.swift */ = {isa = PBXFileReference; lastKnownFileType = sourcecode.swift; path = AppDelegate.swift; sourceTree = "<group>"; };
		F4A28E8F20FD551B00C9368C /* ViewController.swift */ = {isa = PBXFileReference; lastKnownFileType = sourcecode.swift; path = ViewController.swift; sourceTree = "<group>"; };
		F4A28E9220FD551B00C9368C /* Base */ = {isa = PBXFileReference; lastKnownFileType = file.storyboard; name = Base; path = Base.lproj/Main.storyboard; sourceTree = "<group>"; };
		F4A28E9420FD551C00C9368C /* Assets.xcassets */ = {isa = PBXFileReference; lastKnownFileType = folder.assetcatalog; path = Assets.xcassets; sourceTree = "<group>"; };
		F4A28E9720FD551C00C9368C /* Base */ = {isa = PBXFileReference; lastKnownFileType = file.storyboard; name = Base; path = Base.lproj/LaunchScreen.storyboard; sourceTree = "<group>"; };
		F4A28E9920FD551C00C9368C /* Info.plist */ = {isa = PBXFileReference; lastKnownFileType = text.plist.xml; path = Info.plist; sourceTree = "<group>"; };
		F4A28E9F20FD556E00C9368C /* CountryTableViewCell.swift */ = {isa = PBXFileReference; lastKnownFileType = sourcecode.swift; path = CountryTableViewCell.swift; sourceTree = "<group>"; };
		F4A28EA120FD55ED00C9368C /* DetailsTableViewController.swift */ = {isa = PBXFileReference; lastKnownFileType = sourcecode.swift; path = DetailsTableViewController.swift; sourceTree = "<group>"; };
		F4A28EA320FD561700C9368C /* Country.swift */ = {isa = PBXFileReference; lastKnownFileType = sourcecode.swift; path = Country.swift; sourceTree = "<group>"; };
		F4A28EA520FD620D00C9368C /* WebServerApiHandler.swift */ = {isa = PBXFileReference; lastKnownFileType = sourcecode.swift; path = WebServerApiHandler.swift; sourceTree = "<group>"; };
		F4A28EA720FD996100C9368C /* SecondTableViewCell.swift */ = {isa = PBXFileReference; lastKnownFileType = sourcecode.swift; path = SecondTableViewCell.swift; sourceTree = "<group>"; };
		F4E19D542106C50F00D23BEB /* CountryViewModel.swift */ = {isa = PBXFileReference; lastKnownFileType = sourcecode.swift; path = CountryViewModel.swift; sourceTree = "<group>"; };
/* End PBXFileReference section */

/* Begin PBXFrameworksBuildPhase section */
		F4A28E8720FD551B00C9368C /* Frameworks */ = {
			isa = PBXFrameworksBuildPhase;
			buildActionMask = 2147483647;
			files = (
			);
			runOnlyForDeploymentPostprocessing = 0;
		};
/* End PBXFrameworksBuildPhase section */

/* Begin PBXGroup section */
		F4A28E8120FD551B00C9368C = {
			isa = PBXGroup;
			children = (
				F4A28E8C20FD551B00C9368C /* countryInfo */,
				F4A28E8B20FD551B00C9368C /* Products */,
			);
			sourceTree = "<group>";
		};
		F4A28E8B20FD551B00C9368C /* Products */ = {
			isa = PBXGroup;
			children = (
				F4A28E8A20FD551B00C9368C /* countryInfo.app */,
			);
			name = Products;
			sourceTree = "<group>";
		};
		F4A28E8C20FD551B00C9368C /* countryInfo */ = {
			isa = PBXGroup;
			children = (
				F4E19D542106C50F00D23BEB /* CountryViewModel.swift */,
				F4A28EA720FD996100C9368C /* SecondTableViewCell.swift */,
				F4A28EA520FD620D00C9368C /* WebServerApiHandler.swift */,
				F4A28EA320FD561700C9368C /* Country.swift */,
				F4A28EA120FD55ED00C9368C /* DetailsTableViewController.swift */,
				F4A28E9F20FD556E00C9368C /* CountryTableViewCell.swift */,
				F4A28E8D20FD551B00C9368C /* AppDelegate.swift */,
				F4A28E8F20FD551B00C9368C /* ViewController.swift */,
				F4A28E9120FD551B00C9368C /* Main.storyboard */,
				F4A28E9420FD551C00C9368C /* Assets.xcassets */,
				F4A28E9620FD551C00C9368C /* LaunchScreen.storyboard */,
				F4A28E9920FD551C00C9368C /* Info.plist */,
			);
			path = countryInfo;
			sourceTree = "<group>";
		};
/* End PBXGroup section */

/* Begin PBXNativeTarget section */
		F4A28E8920FD551B00C9368C /* countryInfo */ = {
			isa = PBXNativeTarget;
			buildConfigurationList = F4A28E9C20FD551C00C9368C /* Build configuration list for PBXNativeTarget "countryInfo" */;
			buildPhases = (
				F4A28E8620FD551B00C9368C /* Sources */,
				F4A28E8720FD551B00C9368C /* Frameworks */,
				F4A28E8820FD551B00C9368C /* Resources */,
			);
			buildRules = (
			);
			dependencies = (
			);
			name = countryInfo;
			productName = countryInfo;
			productReference = F4A28E8A20FD551B00C9368C /* countryInfo.app */;
			productType = "com.apple.product-type.application";
		};
/* End PBXNativeTarget section */

/* Begin PBXProject section */
		F4A28E8220FD551B00C9368C /* Project object */ = {
			isa = PBXProject;
			attributes = {
				LastSwiftUpdateCheck = 0940;
				LastUpgradeCheck = 0940;
				ORGANIZATIONNAME = "Simon Ji";
				TargetAttributes = {
					F4A28E8920FD551B00C9368C = {
						CreatedOnToolsVersion = 9.4.1;
					};
				};
			};
			buildConfigurationList = F4A28E8520FD551B00C9368C /* Build configuration list for PBXProject "countryInfo" */;
			compatibilityVersion = "Xcode 9.3";
			developmentRegion = en;
			hasScannedForEncodings = 0;
			knownRegions = (
				en,
				Base,
			);
			mainGroup = F4A28E8120FD551B00C9368C;
			productRefGroup = F4A28E8B20FD551B00C9368C /* Products */;
			projectDirPath = "";
			projectRoot = "";
			targets = (
				F4A28E8920FD551B00C9368C /* countryInfo */,
			);
		};
/* End PBXProject section */

/* Begin PBXResourcesBuildPhase section */
		F4A28E8820FD551B00C9368C /* Resources */ = {
			isa = PBXResourcesBuildPhase;
			buildActionMask = 2147483647;
			files = (
				F4A28E9820FD551C00C9368C /* LaunchScreen.storyboard in Resources */,
				F4A28E9520FD551C00C9368C /* Assets.xcassets in Resources */,
				F4A28E9320FD551B00C9368C /* Main.storyboard in Resources */,
			);
			runOnlyForDeploymentPostprocessing = 0;
		};
/* End PBXResourcesBuildPhase section */

/* Begin PBXSourcesBuildPhase section */
		F4A28E8620FD551B00C9368C /* Sources */ = {
			isa = PBXSourcesBuildPhase;
			buildActionMask = 2147483647;
			files = (
				F4A28EA220FD55ED00C9368C /* DetailsTableViewController.swift in Sources */,
				F4E19D552106C50F00D23BEB /* CountryViewModel.swift in Sources */,
				F4A28EA020FD556E00C9368C /* CountryTableViewCell.swift in Sources */,
				F4A28E9020FD551B00C9368C /* ViewController.swift in Sources */,
				F4A28EA420FD561700C9368C /* Country.swift in Sources */,
				F4A28E8E20FD551B00C9368C /* AppDelegate.swift in Sources */,
				F4A28EA820FD996100C9368C /* SecondTableViewCell.swift in Sources */,
				F4A28EA620FD620D00C9368C /* WebServerApiHandler.swift in Sources */,
			);
			runOnlyForDeploymentPostprocessing = 0;
		};
/* End PBXSourcesBuildPhase section */

/* Begin PBXVariantGroup section */
		F4A28E9120FD551B00C9368C /* Main.storyboard */ = {
			isa = PBXVariantGroup;
			children = (
				F4A28E9220FD551B00C9368C /* Base */,
			);
			name = Main.storyboard;
			sourceTree = "<group>";
		};
		F4A28E9620FD551C00C9368C /* LaunchScreen.storyboard */ = {
			isa = PBXVariantGroup;
			children = (
				F4A28E9720FD551C00C9368C /* Base */,
			);
			name = LaunchScreen.storyboard;
			sourceTree = "<group>";
		};
/* End PBXVariantGroup section */

/* Begin XCBuildConfiguration section */
		F4A28E9A20FD551C00C9368C /* Debug */ = {
			isa = XCBuildConfiguration;
			buildSettings = {
				ALWAYS_SEARCH_USER_PATHS = NO;
				CLANG_ANALYZER_NONNULL = YES;
				CLANG_ANALYZER_NUMBER_OBJECT_CONVERSION = YES_AGGRESSIVE;
				CLANG_CXX_LANGUAGE_STANDARD = "gnu++14";
				CLANG_CXX_LIBRARY = "libc++";
				CLANG_ENABLE_MODULES = YES;
				CLANG_ENABLE_OBJC_ARC = YES;
				CLANG_ENABLE_OBJC_WEAK = YES;
				CLANG_WARN_BLOCK_CAPTURE_AUTORELEASING = YES;
				CLANG_WARN_BOOL_CONVERSION = YES;
				CLANG_WARN_COMMA = YES;
				CLANG_WARN_CONSTANT_CONVERSION = YES;
				CLANG_WARN_DEPRECATED_OBJC_IMPLEMENTATIONS = YES;
				CLANG_WARN_DIRECT_OBJC_ISA_USAGE = YES_ERROR;
				CLANG_WARN_DOCUMENTATION_COMMENTS = YES;
				CLANG_WARN_EMPTY_BODY = YES;
				CLANG_WARN_ENUM_CONVERSION = YES;
				CLANG_WARN_INFINITE_RECURSION = YES;
				CLANG_WARN_INT_CONVERSION = YES;
				CLANG_WARN_NON_LITERAL_NULL_CONVERSION = YES;
				CLANG_WARN_OBJC_IMPLICIT_RETAIN_SELF = YES;
				CLANG_WARN_OBJC_LITERAL_CONVERSION = YES;
				CLANG_WARN_OBJC_ROOT_CLASS = YES_ERROR;
				CLANG_WARN_RANGE_LOOP_ANALYSIS = YES;
				CLANG_WARN_STRICT_PROTOTYPES = YES;
				CLANG_WARN_SUSPICIOUS_MOVE = YES;
				CLANG_WARN_UNGUARDED_AVAILABILITY = YES_AGGRESSIVE;
				CLANG_WARN_UNREACHABLE_CODE = YES;
				CLANG_WARN__DUPLICATE_METHOD_MATCH = YES;
				CODE_SIGN_IDENTITY = "iPhone Developer";
				COPY_PHASE_STRIP = NO;
				DEBUG_INFORMATION_FORMAT = dwarf;
				ENABLE_STRICT_OBJC_MSGSEND = YES;
				ENABLE_TESTABILITY = YES;
				GCC_C_LANGUAGE_STANDARD = gnu11;
				GCC_DYNAMIC_NO_PIC = NO;
				GCC_NO_COMMON_BLOCKS = YES;
				GCC_OPTIMIZATION_LEVEL = 0;
				GCC_PREPROCESSOR_DEFINITIONS = (
					"DEBUG=1",
					"$(inherited)",
				);
				GCC_WARN_64_TO_32_BIT_CONVERSION = YES;
				GCC_WARN_ABOUT_RETURN_TYPE = YES_ERROR;
				GCC_WARN_UNDECLARED_SELECTOR = YES;
				GCC_WARN_UNINITIALIZED_AUTOS = YES_AGGRESSIVE;
				GCC_WARN_UNUSED_FUNCTION = YES;
				GCC_WARN_UNUSED_VARIABLE = YES;
				IPHONEOS_DEPLOYMENT_TARGET = 11.4;
				MTL_ENABLE_DEBUG_INFO = YES;
				ONLY_ACTIVE_ARCH = YES;
				SDKROOT = iphoneos;
				SWIFT_ACTIVE_COMPILATION_CONDITIONS = DEBUG;
				SWIFT_OPTIMIZATION_LEVEL = "-Onone";
			};
			name = Debug;
		};
		F4A28E9B20FD551C00C9368C /* Release */ = {
			isa = XCBuildConfiguration;
			buildSettings = {
				ALWAYS_SEARCH_USER_PATHS = NO;
				CLANG_ANALYZER_NONNULL = YES;
				CLANG_ANALYZER_NUMBER_OBJECT_CONVERSION = YES_AGGRESSIVE;
				CLANG_CXX_LANGUAGE_STANDARD = "gnu++14";
				CLANG_CXX_LIBRARY = "libc++";
				CLANG_ENABLE_MODULES = YES;
				CLANG_ENABLE_OBJC_ARC = YES;
				CLANG_ENABLE_OBJC_WEAK = YES;
				CLANG_WARN_BLOCK_CAPTURE_AUTORELEASING = YES;
				CLANG_WARN_BOOL_CONVERSION = YES;
				CLANG_WARN_COMMA = YES;
				CLANG_WARN_CONSTANT_CONVERSION = YES;
				CLANG_WARN_DEPRECATED_OBJC_IMPLEMENTATIONS = YES;
				CLANG_WARN_DIRECT_OBJC_ISA_USAGE = YES_ERROR;
				CLANG_WARN_DOCUMENTATION_COMMENTS = YES;
				CLANG_WARN_EMPTY_BODY = YES;
				CLANG_WARN_ENUM_CONVERSION = YES;
				CLANG_WARN_INFINITE_RECURSION = YES;
				CLANG_WARN_INT_CONVERSION = YES;
				CLANG_WARN_NON_LITERAL_NULL_CONVERSION = YES;
				CLANG_WARN_OBJC_IMPLICIT_RETAIN_SELF = YES;
				CLANG_WARN_OBJC_LITERAL_CONVERSION = YES;
				CLANG_WARN_OBJC_ROOT_CLASS = YES_ERROR;
				CLANG_WARN_RANGE_LOOP_ANALYSIS = YES;
				CLANG_WARN_STRICT_PROTOTYPES = YES;
				CLANG_WARN_SUSPICIOUS_MOVE = YES;
				CLANG_WARN_UNGUARDED_AVAILABILITY = YES_AGGRESSIVE;
				CLANG_WARN_UNREACHABLE_CODE = YES;
				CLANG_WARN__DUPLICATE_METHOD_MATCH = YES;
				CODE_SIGN_IDENTITY = "iPhone Developer";
				COPY_PHASE_STRIP = NO;
				DEBUG_INFORMATION_FORMAT = "dwarf-with-dsym";
				ENABLE_NS_ASSERTIONS = NO;
				ENABLE_STRICT_OBJC_MSGSEND = YES;
				GCC_C_LANGUAGE_STANDARD = gnu11;
				GCC_NO_COMMON_BLOCKS = YES;
				GCC_WARN_64_TO_32_BIT_CONVERSION = YES;
				GCC_WARN_ABOUT_RETURN_TYPE = YES_ERROR;
				GCC_WARN_UNDECLARED_SELECTOR = YES;
				GCC_WARN_UNINITIALIZED_AUTOS = YES_AGGRESSIVE;
				GCC_WARN_UNUSED_FUNCTION = YES;
				GCC_WARN_UNUSED_VARIABLE = YES;
				IPHONEOS_DEPLOYMENT_TARGET = 11.4;
				MTL_ENABLE_DEBUG_INFO = NO;
				SDKROOT = iphoneos;
				SWIFT_COMPILATION_MODE = wholemodule;
				SWIFT_OPTIMIZATION_LEVEL = "-O";
				VALIDATE_PRODUCT = YES;
			};
			name = Release;
		};
		F4A28E9D20FD551C00C9368C /* Debug */ = {
			isa = XCBuildConfiguration;
			buildSettings = {
				ASSETCATALOG_COMPILER_APPICON_NAME = AppIcon;
				CODE_SIGN_STYLE = Automatic;
				DEVELOPMENT_TEAM = 7HS7D8C3MA;
				INFOPLIST_FILE = countryInfo/Info.plist;
				LD_RUNPATH_SEARCH_PATHS = (
					"$(inherited)",
					"@executable_path/Frameworks",
				);
				PRODUCT_BUNDLE_IDENTIFIER = sj.countryInfo;
				PRODUCT_NAME = "$(TARGET_NAME)";
				SWIFT_VERSION = 4.0;
				TARGETED_DEVICE_FAMILY = "1,2";
			};
			name = Debug;
		};
		F4A28E9E20FD551C00C9368C /* Release */ = {
			isa = XCBuildConfiguration;
			buildSettings = {
				ASSETCATALOG_COMPILER_APPICON_NAME = AppIcon;
				CODE_SIGN_STYLE = Automatic;
				DEVELOPMENT_TEAM = 7HS7D8C3MA;
				INFOPLIST_FILE = countryInfo/Info.plist;
				LD_RUNPATH_SEARCH_PATHS = (
					"$(inherited)",
					"@executable_path/Frameworks",
				);
				PRODUCT_BUNDLE_IDENTIFIER = sj.countryInfo;
				PRODUCT_NAME = "$(TARGET_NAME)";
				SWIFT_VERSION = 4.0;
				TARGETED_DEVICE_FAMILY = "1,2";
			};
			name = Release;
		};
/* End XCBuildConfiguration section */

/* Begin XCConfigurationList section */
		F4A28E8520FD551B00C9368C /* Build configuration list for PBXProject "countryInfo" */ = {
			isa = XCConfigurationList;
			buildConfigurations = (
				F4A28E9A20FD551C00C9368C /* Debug */,
				F4A28E9B20FD551C00C9368C /* Release */,
			);
			defaultConfigurationIsVisible = 0;
			defaultConfigurationName = Release;
		};
		F4A28E9C20FD551C00C9368C /* Build configuration list for PBXNativeTarget "countryInfo" */ = {
			isa = XCConfigurationList;
			buildConfigurations = (
				F4A28E9D20FD551C00C9368C /* Debug */,
				F4A28E9E20FD551C00C9368C /* Release */,
			);
			defaultConfigurationIsVisible = 0;
			defaultConfigurationName = Release;
		};
/* End XCConfigurationList section */
	};
	rootObject = F4A28E8220FD551B00C9368C /* Project object */;
}
